
Microsoft Visual Studio Solution File, Format Version 11.00
# Visual C++ Express 2010
Project("{8BC9CEB8-8B4A-11D0-8D11-00A0C91BC942}") = "CP1", "CP1\CP1.vcxproj", "{6E058FC6-DCD9-4A87-A995-A4FFC96F79B8}"
EndProject
Project("{8BC9CEB8-8B4A-11D0-8D11-00A0C91BC942}") = "G1", "G1\G1.vcxproj", "{B957B955-0380-4EED-9E7A-AC25349BDE63}"
EndProject
Global
	GlobalSection(SolutionConfigurationPlatforms) = preSolution
		Debug|Win32 = Debug|Win32
		Release|Win32 = Release|Win32
	EndGlobalSection
	GlobalSection(ProjectConfigurationPlatforms) = postSolution
		{6E058FC6-DCD9-4A87-A995-A4FFC96F79B8}.Debug|Win32.ActiveCfg = Debug|Win32
		{6E058FC6-DCD9-4A87-A995-A4FFC96F79B8}.Debug|Win32.Build.0 = Debug|Win32
		{6E058FC6-DCD9-4A87-A995-A4FFC96F79B8}.Release|Win32.ActiveCfg = Release|Win32
		{6E058FC6-DCD9-4A87-A995-A4FFC96F79B8}.Release|Win32.Build.0 = Release|Win32
		{B957B955-0380-4EED-9E7A-AC25349BDE63}.Debug|Win32.ActiveCfg = Debug|Win32
		{B957B955-0380-4EED-9E7A-AC25349BDE63}.Debug|Win32.Build.0 = Debug|Win32
		{B957B955-0380-4EED-9E7A-AC25349BDE63}.Release|Win32.ActiveCfg = Release|Win32
		{B957B955-0380-4EED-9E7A-AC25349BDE63}.Release|Win32.Build.0 = Release|Win32
	EndGlobalSection
	GlobalSection(SolutionProperties) = preSolution
		HideSolutionNode = FALSE
	EndGlobalSection
EndGlobal
